// !$*UTF8*$!
{
	archiveVersion = 1;
	classes = {
	};
	objectVersion = 56;
	objects = {

/* Begin PBXBuildFile section */
		74789EC529A3AEDF005F0706 /* AppDelegate.swift in Sources */ = {isa = PBXBuildFile; fileRef = 74789EC429A3AEDF005F0706 /* AppDelegate.swift */; };
		74789EC729A3AEDF005F0706 /* ViewController.swift in Sources */ = {isa = PBXBuildFile; fileRef = 74789EC629A3AEDF005F0706 /* ViewController.swift */; };
		74789EC929A3AEE0005F0706 /* Assets.xcassets in Resources */ = {isa = PBXBuildFile; fileRef = 74789EC829A3AEE0005F0706 /* Assets.xcassets */; };
		74789ECC29A3AEE0005F0706 /* Main.storyboard in Resources */ = {isa = PBXBuildFile; fileRef = 74789ECA29A3AEE0005F0706 /* Main.storyboard */; };
		74789ED729A3AEE0005F0706 /* testTests.swift in Sources */ = {isa = PBXBuildFile; fileRef = 74789ED629A3AEE0005F0706 /* testTests.swift */; };
		74789EE129A3AEE0005F0706 /* testUITests.swift in Sources */ = {isa = PBXBuildFile; fileRef = 74789EE029A3AEE0005F0706 /* testUITests.swift */; };
		74789EE329A3AEE0005F0706 /* testUITestsLaunchTests.swift in Sources */ = {isa = PBXBuildFile; fileRef = 74789EE229A3AEE0005F0706 /* testUITestsLaunchTests.swift */; };
/* End PBXBuildFile section */

/* Begin PBXContainerItemProxy section */
		74789ED329A3AEE0005F0706 /* PBXContainerItemProxy */ = {
			isa = PBXContainerItemProxy;
			containerPortal = 74789EB929A3AEDF005F0706 /* Project object */;
			proxyType = 1;
			remoteGlobalIDString = 74789EC029A3AEDF005F0706;
			remoteInfo = test;
		};
		74789EDD29A3AEE0005F0706 /* PBXContainerItemProxy */ = {
			isa = PBXContainerItemProxy;
			containerPortal = 74789EB929A3AEDF005F0706 /* Project object */;
			proxyType = 1;
			remoteGlobalIDString = 74789EC029A3AEDF005F0706;
			remoteInfo = test;
		};
/* End PBXContainerItemProxy section */

/* Begin PBXFileReference section */
		74789EC129A3AEDF005F0706 /* test.app */ = {isa = PBXFileReference; explicitFileType = wrapper.application; includeInIndex = 0; path = test.app; sourceTree = BUILT_PRODUCTS_DIR; };
		74789EC429A3AEDF005F0706 /* AppDelegate.swift */ = {isa = PBXFileReference; lastKnownFileType = sourcecode.swift; path = AppDelegate.swift; sourceTree = "<group>"; };
		74789EC629A3AEDF005F0706 /* ViewController.swift */ = {isa = PBXFileReference; lastKnownFileType = sourcecode.swift; path = ViewController.swift; sourceTree = "<group>"; };
		74789EC829A3AEE0005F0706 /* Assets.xcassets */ = {isa = PBXFileReference; lastKnownFileType = folder.assetcatalog; path = Assets.xcassets; sourceTree = "<group>"; };
		74789ECB29A3AEE0005F0706 /* Base */ = {isa = PBXFileReference; lastKnownFileType = file.storyboard; name = Base; path = Base.lproj/Main.storyboard; sourceTree = "<group>"; };
		74789ECD29A3AEE0005F0706 /* test.entitlements */ = {isa = PBXFileReference; lastKnownFileType = text.plist.entitlements; path = test.entitlements; sourceTree = "<group>"; };
		74789ED229A3AEE0005F0706 /* testTests.xctest */ = {isa = PBXFileReference; explicitFileType = wrapper.cfbundle; includeInIndex = 0; path = testTests.xctest; sourceTree = BUILT_PRODUCTS_DIR; };
		74789ED629A3AEE0005F0706 /* testTests.swift */ = {isa = PBXFileReference; lastKnownFileType = sourcecode.swift; path = testTests.swift; sourceTree = "<group>"; };
		74789EDC29A3AEE0005F0706 /* testUITests.xctest */ = {isa = PBXFileReference; explicitFileType = wrapper.cfbundle; includeInIndex = 0; path = testUITests.xctest; sourceTree = BUILT_PRODUCTS_DIR; };
		74789EE029A3AEE0005F0706 /* testUITests.swift */ = {isa = PBXFileReference; lastKnownFileType = sourcecode.swift; path = testUITests.swift; sourceTree = "<group>"; };
		74789EE229A3AEE0005F0706 /* testUITestsLaunchTests.swift */ = {isa = PBXFileReference; lastKnownFileType = sourcecode.swift; path = testUITestsLaunchTests.swift; sourceTree = "<group>"; };
/* End PBXFileReference section */

/* Begin PBXFrameworksBuildPhase section */
		74789EBE29A3AEDF005F0706 /* Frameworks */ = {
			isa = PBXFrameworksBuildPhase;
			buildActionMask = 2147483647;
			files = (
			);
			runOnlyForDeploymentPostprocessing = 0;
		};
		74789ECF29A3AEE0005F0706 /* Frameworks */ = {
			isa = PBXFrameworksBuildPhase;
			buildActionMask = 2147483647;
			files = (
			);
			runOnlyForDeploymentPostprocessing = 0;
		};
		74789ED929A3AEE0005F0706 /* Frameworks */ = {
			isa = PBXFrameworksBuildPhase;
			buildActionMask = 2147483647;
			files = (
			);
			runOnlyForDeploymentPostprocessing = 0;
		};
/* End PBXFrameworksBuildPhase section */

/* Begin PBXGroup section */
		74789EB829A3AEDF005F0706 = {
			isa = PBXGroup;
			children = (
				74789EC329A3AEDF005F0706 /* test */,
				74789ED529A3AEE0005F0706 /* testTests */,
				74789EDF29A3AEE0005F0706 /* testUITests */,
				74789EC229A3AEDF005F0706 /* Products */,
			);
			sourceTree = "<group>";
		};
		74789EC229A3AEDF005F0706 /* Products */ = {
			isa = PBXGroup;
			children = (
				74789EC129A3AEDF005F0706 /* test.app */,
				74789ED229A3AEE0005F0706 /* testTests.xctest */,
				74789EDC29A3AEE0005F0706 /* testUITests.xctest */,
			);
			name = Products;
			sourceTree = "<group>";
		};
		74789EC329A3AEDF005F0706 /* test */ = {
			isa = PBXGroup;
			children = (
				74789EC429A3AEDF005F0706 /* AppDelegate.swift */,
				74789EC629A3AEDF005F0706 /* ViewController.swift */,
				74789EC829A3AEE0005F0706 /* Assets.xcassets */,
				74789ECA29A3AEE0005F0706 /* Main.storyboard */,
				74789ECD29A3AEE0005F0706 /* test.entitlements */,
			);
			path = test;
			sourceTree = "<group>";
		};
		74789ED529A3AEE0005F0706 /* testTests */ = {
			isa = PBXGroup;
			children = (
				74789ED629A3AEE0005F0706 /* testTests.swift */,
			);
			path = testTests;
			sourceTree = "<group>";
		};
		74789EDF29A3AEE0005F0706 /* testUITests */ = {
			isa = PBXGroup;
			children = (
				74789EE029A3AEE0005F0706 /* testUITests.swift */,
				74789EE229A3AEE0005F0706 /* testUITestsLaunchTests.swift */,
			);
			path = testUITests;
			sourceTree = "<group>";
		};
/* End PBXGroup section */

/* Begin PBXNativeTarget section */
		74789EC029A3AEDF005F0706 /* test */ = {
			isa = PBXNativeTarget;
			buildConfigurationList = 74789EE629A3AEE0005F0706 /* Build configuration list for PBXNativeTarget "test" */;
			buildPhases = (
				74789EBD29A3AEDF005F0706 /* Sources */,
				74789EBE29A3AEDF005F0706 /* Frameworks */,
				74789EBF29A3AEDF005F0706 /* Resources */,
			);
			buildRules = (
			);
			dependencies = (
			);
			name = test;
			productName = test;
			productReference = 74789EC129A3AEDF005F0706 /* test.app */;
			productType = "com.apple.product-type.application";
		};
		74789ED129A3AEE0005F0706 /* testTests */ = {
			isa = PBXNativeTarget;
			buildConfigurationList = 74789EE929A3AEE0005F0706 /* Build configuration list for PBXNativeTarget "testTests" */;
			buildPhases = (
				74789ECE29A3AEE0005F0706 /* Sources */,
				74789ECF29A3AEE0005F0706 /* Frameworks */,
				74789ED029A3AEE0005F0706 /* Resources */,
			);
			buildRules = (
			);
			dependencies = (
				74789ED429A3AEE0005F0706 /* PBXTargetDependency */,
			);
			name = testTests;
			productName = testTests;
			productReference = 74789ED229A3AEE0005F0706 /* testTests.xctest */;
			productType = "com.apple.product-type.bundle.unit-test";
		};
		74789EDB29A3AEE0005F0706 /* testUITests */ = {
			isa = PBXNativeTarget;
			buildConfigurationList = 74789EEC29A3AEE0005F0706 /* Build configuration list for PBXNativeTarget "testUITests" */;
			buildPhases = (
				74789ED829A3AEE0005F0706 /* Sources */,
				74789ED929A3AEE0005F0706 /* Frameworks */,
				74789EDA29A3AEE0005F0706 /* Resources */,
			);
			buildRules = (
			);
			dependencies = (
				74789EDE29A3AEE0005F0706 /* PBXTargetDependency */,
			);
			name = testUITests;
			productName = testUITests;
			productReference = 74789EDC29A3AEE0005F0706 /* testUITests.xctest */;
			productType = "com.apple.product-type.bundle.ui-testing";
		};
/* End PBXNativeTarget section */

/* Begin PBXProject section */
		74789EB929A3AEDF005F0706 /* Project object */ = {
			isa = PBXProject;
			attributes = {
				BuildIndependentTargetsInParallel = 1;
				LastSwiftUpdateCheck = 1420;
				LastUpgradeCheck = 1420;
				TargetAttributes = {
					74789EC029A3AEDF005F0706 = {
						CreatedOnToolsVersion = 14.2;
					};
					74789ED129A3AEE0005F0706 = {
						CreatedOnToolsVersion = 14.2;
						TestTargetID = 74789EC029A3AEDF005F0706;
					};
					74789EDB29A3AEE0005F0706 = {
						CreatedOnToolsVersion = 14.2;
						TestTargetID = 74789EC029A3AEDF005F0706;
					};
				};
			};
			buildConfigurationList = 74789EBC29A3AEDF005F0706 /* Build configuration list for PBXProject "test" */;
			compatibilityVersion = "Xcode 14.0";
			developmentRegion = en;
			hasScannedForEncodings = 0;
			knownRegions = (
				en,
				Base,
			);
			mainGroup = 74789EB829A3AEDF005F0706;
			productRefGroup = 74789EC229A3AEDF005F0706 /* Products */;
			projectDirPath = "";
			projectRoot = "";
			targets = (
				74789EC029A3AEDF005F0706 /* test */,
				74789ED129A3AEE0005F0706 /* testTests */,
				74789EDB29A3AEE0005F0706 /* testUITests */,
			);
		};
/* End PBXProject section */

/* Begin PBXResourcesBuildPhase section */
		74789EBF29A3AEDF005F0706 /* Resources */ = {
			isa = PBXResourcesBuildPhase;
			buildActionMask = 2147483647;
			files = (
				74789EC929A3AEE0005F0706 /* Assets.xcassets in Resources */,
				74789ECC29A3AEE0005F0706 /* Main.storyboard in Resources */,
			);
			runOnlyForDeploymentPostprocessing = 0;
		};
		74789ED029A3AEE0005F0706 /* Resources */ = {
			isa = PBXResourcesBuildPhase;
			buildActionMask = 2147483647;
			files = (
			);
			runOnlyForDeploymentPostprocessing = 0;
		};
		74789EDA29A3AEE0005F0706 /* Resources */ = {
			isa = PBXResourcesBuildPhase;
			buildActionMask = 2147483647;
			files = (
			);
			runOnlyForDeploymentPostprocessing = 0;
		};
/* End PBXResourcesBuildPhase section */

/* Begin PBXSourcesBuildPhase section */
		74789EBD29A3AEDF005F0706 /* Sources */ = {
			isa = PBXSourcesBuildPhase;
			buildActionMask = 2147483647;
			files = (
				74789EC729A3AEDF005F0706 /* ViewController.swift in Sources */,
				74789EC529A3AEDF005F0706 /* AppDelegate.swift in Sources */,
			);
			runOnlyForDeploymentPostprocessing = 0;
		};
		74789ECE29A3AEE0005F0706 /* Sources */ = {
			isa = PBXSourcesBuildPhase;
			buildActionMask = 2147483647;
			files = (
				74789ED729A3AEE0005F0706 /* testTests.swift in Sources */,
			);
			runOnlyForDeploymentPostprocessing = 0;
		};
		74789ED829A3AEE0005F0706 /* Sources */ = {
			isa = PBXSourcesBuildPhase;
			buildActionMask = 2147483647;
			files = (
				74789EE329A3AEE0005F0706 /* testUITestsLaunchTests.swift in Sources */,
				74789EE129A3AEE0005F0706 /* testUITests.swift in Sources */,
			);
			runOnlyForDeploymentPostprocessing = 0;
		};
/* End PBXSourcesBuildPhase section */

/* Begin PBXTargetDependency section */
		74789ED429A3AEE0005F0706 /* PBXTargetDependency */ = {
			isa = PBXTargetDependency;
			target = 74789EC029A3AEDF005F0706 /* test */;
			targetProxy = 74789ED329A3AEE0005F0706 /* PBXContainerItemProxy */;
		};
		74789EDE29A3AEE0005F0706 /* PBXTargetDependency */ = {
			isa = PBXTargetDependency;
			target = 74789EC029A3AEDF005F0706 /* test */;
			targetProxy = 74789EDD29A3AEE0005F0706 /* PBXContainerItemProxy */;
		};
/* End PBXTargetDependency section */

/* Begin PBXVariantGroup section */
		74789ECA29A3AEE0005F0706 /* Main.storyboard */ = {
			isa = PBXVariantGroup;
			children = (
				74789ECB29A3AEE0005F0706 /* Base */,
			);
			name = Main.storyboard;
			sourceTree = "<group>";
		};
/* End PBXVariantGroup section */

/* Begin XCBuildConfiguration section */
		74789EE429A3AEE0005F0706 /* Debug */ = {
			isa = XCBuildConfiguration;
			buildSettings = {
				ALWAYS_SEARCH_USER_PATHS = NO;
				CLANG_ANALYZER_NONNULL = YES;
				CLANG_ANALYZER_NUMBER_OBJECT_CONVERSION = YES_AGGRESSIVE;
				CLANG_CXX_LANGUAGE_STANDARD = "gnu++20";
				CLANG_ENABLE_MODULES = YES;
				CLANG_ENABLE_OBJC_ARC = YES;
				CLANG_ENABLE_OBJC_WEAK = YES;
				CLANG_WARN_BLOCK_CAPTURE_AUTORELEASING = YES;
				CLANG_WARN_BOOL_CONVERSION = YES;
				CLANG_WARN_COMMA = YES;
				CLANG_WARN_CONSTANT_CONVERSION = YES;
				CLANG_WARN_DEPRECATED_OBJC_IMPLEMENTATIONS = YES;
				CLANG_WARN_DIRECT_OBJC_ISA_USAGE = YES_ERROR;
				CLANG_WARN_DOCUMENTATION_COMMENTS = YES;
				CLANG_WARN_EMPTY_BODY = YES;
				CLANG_WARN_ENUM_CONVERSION = YES;
				CLANG_WARN_INFINITE_RECURSION = YES;
				CLANG_WARN_INT_CONVERSION = YES;
				CLANG_WARN_NON_LITERAL_NULL_CONVERSION = YES;
				CLANG_WARN_OBJC_IMPLICIT_RETAIN_SELF = YES;
				CLANG_WARN_OBJC_LITERAL_CONVERSION = YES;
				CLANG_WARN_OBJC_ROOT_CLASS = YES_ERROR;
				CLANG_WARN_QUOTED_INCLUDE_IN_FRAMEWORK_HEADER = YES;
				CLANG_WARN_RANGE_LOOP_ANALYSIS = YES;
				CLANG_WARN_STRICT_PROTOTYPES = YES;
				CLANG_WARN_SUSPICIOUS_MOVE = YES;
				CLANG_WARN_UNGUARDED_AVAILABILITY = YES_AGGRESSIVE;
				CLANG_WARN_UNREACHABLE_CODE = YES;
				CLANG_WARN__DUPLICATE_METHOD_MATCH = YES;
				COPY_PHASE_STRIP = NO;
				DEBUG_INFORMATION_FORMAT = dwarf;
				ENABLE_STRICT_OBJC_MSGSEND = YES;
				ENABLE_TESTABILITY = YES;
				GCC_C_LANGUAGE_STANDARD = gnu11;
				GCC_DYNAMIC_NO_PIC = NO;
				GCC_NO_COMMON_BLOCKS = YES;
				GCC_OPTIMIZATION_LEVEL = 0;
				GCC_PREPROCESSOR_DEFINITIONS = (
					"DEBUG=1",
					"$(inherited)",
				);
				GCC_WARN_64_TO_32_BIT_CONVERSION = YES;
				GCC_WARN_ABOUT_RETURN_TYPE = YES_ERROR;
				GCC_WARN_UNDECLARED_SELECTOR = YES;
				GCC_WARN_UNINITIALIZED_AUTOS = YES_AGGRESSIVE;
				GCC_WARN_UNUSED_FUNCTION = YES;
				GCC_WARN_UNUSED_VARIABLE = YES;
				MACOSX_DEPLOYMENT_TARGET = 13.0;
				MTL_ENABLE_DEBUG_INFO = INCLUDE_SOURCE;
				MTL_FAST_MATH = YES;
				ONLY_ACTIVE_ARCH = YES;
				SDKROOT = macosx;
				SWIFT_ACTIVE_COMPILATION_CONDITIONS = DEBUG;
				SWIFT_OPTIMIZATION_LEVEL = "-Onone";
			};
			name = Debug;
		};
		74789EE529A3AEE0005F0706 /* Release */ = {
			isa = XCBuildConfiguration;
			buildSettings = {
				ALWAYS_SEARCH_USER_PATHS = NO;
				CLANG_ANALYZER_NONNULL = YES;
				CLANG_ANALYZER_NUMBER_OBJECT_CONVERSION = YES_AGGRESSIVE;
				CLANG_CXX_LANGUAGE_STANDARD = "gnu++20";
				CLANG_ENABLE_MODULES = YES;
				CLANG_ENABLE_OBJC_ARC = YES;
				CLANG_ENABLE_OBJC_WEAK = YES;
				CLANG_WARN_BLOCK_CAPTURE_AUTORELEASING = YES;
				CLANG_WARN_BOOL_CONVERSION = YES;
				CLANG_WARN_COMMA = YES;
				CLANG_WARN_CONSTANT_CONVERSION = YES;
				CLANG_WARN_DEPRECATED_OBJC_IMPLEMENTATIONS = YES;
				CLANG_WARN_DIRECT_OBJC_ISA_USAGE = YES_ERROR;
				CLANG_WARN_DOCUMENTATION_COMMENTS = YES;
				CLANG_WARN_EMPTY_BODY = YES;
				CLANG_WARN_ENUM_CONVERSION = YES;
				CLANG_WARN_INFINITE_RECURSION = YES;
				CLANG_WARN_INT_CONVERSION = YES;
				CLANG_WARN_NON_LITERAL_NULL_CONVERSION = YES;
				CLANG_WARN_OBJC_IMPLICIT_RETAIN_SELF = YES;
				CLANG_WARN_OBJC_LITERAL_CONVERSION = YES;
				CLANG_WARN_OBJC_ROOT_CLASS = YES_ERROR;
				CLANG_WARN_QUOTED_INCLUDE_IN_FRAMEWORK_HEADER = YES;
				CLANG_WARN_RANGE_LOOP_ANALYSIS = YES;
				CLANG_WARN_STRICT_PROTOTYPES = YES;
				CLANG_WARN_SUSPICIOUS_MOVE = YES;
				CLANG_WARN_UNGUARDED_AVAILABILITY = YES_AGGRESSIVE;
				CLANG_WARN_UNREACHABLE_CODE = YES;
				CLANG_WARN__DUPLICATE_METHOD_MATCH = YES;
				COPY_PHASE_STRIP = NO;
				DEBUG_INFORMATION_FORMAT = "dwarf-with-dsym";
				ENABLE_NS_ASSERTIONS = NO;
				ENABLE_STRICT_OBJC_MSGSEND = YES;
				GCC_C_LANGUAGE_STANDARD = gnu11;
				GCC_NO_COMMON_BLOCKS = YES;
				GCC_WARN_64_TO_32_BIT_CONVERSION = YES;
				GCC_WARN_ABOUT_RETURN_TYPE = YES_ERROR;
				GCC_WARN_UNDECLARED_SELECTOR = YES;
				GCC_WARN_UNINITIALIZED_AUTOS = YES_AGGRESSIVE;
				GCC_WARN_UNUSED_FUNCTION = YES;
				GCC_WARN_UNUSED_VARIABLE = YES;
				MACOSX_DEPLOYMENT_TARGET = 13.0;
				MTL_ENABLE_DEBUG_INFO = NO;
				MTL_FAST_MATH = YES;
				SDKROOT = macosx;
				SWIFT_COMPILATION_MODE = wholemodule;
				SWIFT_OPTIMIZATION_LEVEL = "-O";
			};
			name = Release;
		};
		74789EE729A3AEE0005F0706 /* Debug */ = {
			isa = XCBuildConfiguration;
			buildSettings = {
				ASSETCATALOG_COMPILER_APPICON_NAME = AppIcon;
				ASSETCATALOG_COMPILER_GLOBAL_ACCENT_COLOR_NAME = AccentColor;
				CODE_SIGN_ENTITLEMENTS = test/test.entitlements;
				CODE_SIGN_STYLE = Automatic;
				COMBINE_HIDPI_IMAGES = YES;
				CURRENT_PROJECT_VERSION = 1;
				GENERATE_INFOPLIST_FILE = YES;
				INFOPLIST_KEY_NSHumanReadableCopyright = "";
				INFOPLIST_KEY_NSMainStoryboardFile = Main;
				INFOPLIST_KEY_NSPrincipalClass = NSApplication;
				LD_RUNPATH_SEARCH_PATHS = (
					"$(inherited)",
					"@executable_path/../Frameworks",
				);
				MARKETING_VERSION = 1.0;
				PRODUCT_BUNDLE_IDENTIFIER = com.tilseam.test;
				PRODUCT_NAME = "$(TARGET_NAME)";
				SWIFT_EMIT_LOC_STRINGS = YES;
				SWIFT_VERSION = 5.0;
			};
			name = Debug;
		};
		74789EE829A3AEE0005F0706 /* Release */ = {
			isa = XCBuildConfiguration;
			buildSettings = {
				ASSETCATALOG_COMPILER_APPICON_NAME = AppIcon;
				ASSETCATALOG_COMPILER_GLOBAL_ACCENT_COLOR_NAME = AccentColor;
				CODE_SIGN_ENTITLEMENTS = test/test.entitlements;
				CODE_SIGN_STYLE = Automatic;
				COMBINE_HIDPI_IMAGES = YES;
				CURRENT_PROJECT_VERSION = 1;
				GENERATE_INFOPLIST_FILE = YES;
				INFOPLIST_KEY_NSHumanReadableCopyright = "";
				INFOPLIST_KEY_NSMainStoryboardFile = Main;
				INFOPLIST_KEY_NSPrincipalClass = NSApplication;
				LD_RUNPATH_SEARCH_PATHS = (
					"$(inherited)",
					"@executable_path/../Frameworks",
				);
				MARKETING_VERSION = 1.0;
				PRODUCT_BUNDLE_IDENTIFIER = com.tilseam.test;
				PRODUCT_NAME = "$(TARGET_NAME)";
				SWIFT_EMIT_LOC_STRINGS = YES;
				SWIFT_VERSION = 5.0;
			};
			name = Release;
		};
		74789EEA29A3AEE0005F0706 /* Debug */ = {
			isa = XCBuildConfiguration;
			buildSettings = {
				ALWAYS_EMBED_SWIFT_STANDARD_LIBRARIES = YES;
				BUNDLE_LOADER = "$(TEST_HOST)";
				CODE_SIGN_STYLE = Automatic;
				CURRENT_PROJECT_VERSION = 1;
				GENERATE_INFOPLIST_FILE = YES;
				MACOSX_DEPLOYMENT_TARGET = 13.0;
				MARKETING_VERSION = 1.0;
				PRODUCT_BUNDLE_IDENTIFIER = com.tilseam.testTests;
				PRODUCT_NAME = "$(TARGET_NAME)";
				SWIFT_EMIT_LOC_STRINGS = NO;
				SWIFT_VERSION = 5.0;
				TEST_HOST = "$(BUILT_PRODUCTS_DIR)/test.app/$(BUNDLE_EXECUTABLE_FOLDER_PATH)/test";
			};
			name = Debug;
		};
		74789EEB29A3AEE0005F0706 /* Release */ = {
			isa = XCBuildConfiguration;
			buildSettings = {
				ALWAYS_EMBED_SWIFT_STANDARD_LIBRARIES = YES;
				BUNDLE_LOADER = "$(TEST_HOST)";
				CODE_SIGN_STYLE = Automatic;
				CURRENT_PROJECT_VERSION = 1;
				GENERATE_INFOPLIST_FILE = YES;
				MACOSX_DEPLOYMENT_TARGET = 13.0;
				MARKETING_VERSION = 1.0;
				PRODUCT_BUNDLE_IDENTIFIER = com.tilseam.testTests;
				PRODUCT_NAME = "$(TARGET_NAME)";
				SWIFT_EMIT_LOC_STRINGS = NO;
				SWIFT_VERSION = 5.0;
				TEST_HOST = "$(BUILT_PRODUCTS_DIR)/test.app/$(BUNDLE_EXECUTABLE_FOLDER_PATH)/test";
			};
			name = Release;
		};
		74789EED29A3AEE0005F0706 /* Debug */ = {
			isa = XCBuildConfiguration;
			buildSettings = {
				ALWAYS_EMBED_SWIFT_STANDARD_LIBRARIES = YES;
				CODE_SIGN_STYLE = Automatic;
				CURRENT_PROJECT_VERSION = 1;
				GENERATE_INFOPLIST_FILE = YES;
				MARKETING_VERSION = 1.0;
				PRODUCT_BUNDLE_IDENTIFIER = com.tilseam.testUITests;
				PRODUCT_NAME = "$(TARGET_NAME)";
				SWIFT_EMIT_LOC_STRINGS = NO;
				SWIFT_VERSION = 5.0;
				TEST_TARGET_NAME = test;
			};
			name = Debug;
		};
		74789EEE29A3AEE0005F0706 /* Release */ = {
			isa = XCBuildConfiguration;
			buildSettings = {
				ALWAYS_EMBED_SWIFT_STANDARD_LIBRARIES = YES;
				CODE_SIGN_STYLE = Automatic;
				CURRENT_PROJECT_VERSION = 1;
				GENERATE_INFOPLIST_FILE = YES;
				MARKETING_VERSION = 1.0;
				PRODUCT_BUNDLE_IDENTIFIER = com.tilseam.testUITests;
				PRODUCT_NAME = "$(TARGET_NAME)";
				SWIFT_EMIT_LOC_STRINGS = NO;
				SWIFT_VERSION = 5.0;
				TEST_TARGET_NAME = test;
			};
			name = Release;
		};
/* End XCBuildConfiguration section */

/* Begin XCConfigurationList section */
		74789EBC29A3AEDF005F0706 /* Build configuration list for PBXProject "test" */ = {
			isa = XCConfigurationList;
			buildConfigurations = (
				74789EE429A3AEE0005F0706 /* Debug */,
				74789EE529A3AEE0005F0706 /* Release */,
			);
			defaultConfigurationIsVisible = 0;
			defaultConfigurationName = Release;
		};
		74789EE629A3AEE0005F0706 /* Build configuration list for PBXNativeTarget "test" */ = {
			isa = XCConfigurationList;
			buildConfigurations = (
				74789EE729A3AEE0005F0706 /* Debug */,
				74789EE829A3AEE0005F0706 /* Release */,
			);
			defaultConfigurationIsVisible = 0;
			defaultConfigurationName = Release;
		};
		74789EE929A3AEE0005F0706 /* Build configuration list for PBXNativeTarget "testTests" */ = {
			isa = XCConfigurationList;
			buildConfigurations = (
				74789EEA29A3AEE0005F0706 /* Debug */,
				74789EEB29A3AEE0005F0706 /* Release */,
			);
			defaultConfigurationIsVisible = 0;
			defaultConfigurationName = Release;
		};
		74789EEC29A3AEE0005F0706 /* Build configuration list for PBXNativeTarget "testUITests" */ = {
			isa = XCConfigurationList;
			buildConfigurations = (
				74789EED29A3AEE0005F0706 /* Debug */,
				74789EEE29A3AEE0005F0706 /* Release */,
			);
			defaultConfigurationIsVisible = 0;
			defaultConfigurationName = Release;
		};
/* End XCConfigurationList section */
	};
	rootObject = 74789EB929A3AEDF005F0706 /* Project object */;
}
